schema: '2.0'
stages:
  data_ingestion:
    cmd: python src/data_ingestion.py
    deps:
    - path: src/data_ingestion.py
      hash: md5
      md5: 7b8d10854c146b3a69cbac42a88b01e3
      size: 3109
    params:
      params.yaml:
        data_ingestion.test_size: 0.2
    outs:
    - path: data/raw
      hash: md5
      md5: 1a287d34dc172d9f950c03dae35f7e73.dir
      size: 484846
      nfiles: 2
  data_preprocessing:
    cmd: python src/data_preprocessing.py
    deps:
    - path: data/raw
      hash: md5
      md5: 1a287d34dc172d9f950c03dae35f7e73.dir
      size: 484846
      nfiles: 2
    - path: src/data_preprocessing.py
      hash: md5
      md5: 1dda91b5897fc0dd418f3598f4bb2bbb
      size: 4018
    outs:
    - path: data/interim
      hash: md5
      md5: d99be5cb2b019d747166f90739fa6d08.dir
      size: 260073
      nfiles: 2
  feature_engineering:
    cmd: python src/feature_engineering.py
    deps:
    - path: data/interim
      hash: md5
      md5: d99be5cb2b019d747166f90739fa6d08.dir
      size: 260073
      nfiles: 2
    - path: src/feature_engineering.py
      hash: md5
      md5: 351506c018d446e6ead03db1bba2bd18
      size: 3349
    params:
      params.yaml:
        feature_engineering.max_features: 14
    outs:
    - path: data/processed
      hash: md5
      md5: e7b180ab5b4c60e1d7f2fbe70c2e58c1.dir
      size: 342154
      nfiles: 2
  model_building:
    cmd: python src/model_building.py
    deps:
    - path: data/processed
      hash: md5
      md5: e7b180ab5b4c60e1d7f2fbe70c2e58c1.dir
      size: 342154
      nfiles: 2
    - path: src/model_building.py
      hash: md5
      md5: fb2724c0bce859f53a0315eab242e1e1
      size: 3897
    params:
      params.yaml:
        model_building.n_estimators: 10
        model_building.random_state: 2
    outs:
    - path: models/model.pkl
      hash: md5
      md5: 791898d89aa5eeeb02cf0f658817e02f
      size: 148050
  model_evaluation:
    cmd: python src/model_evaluation.py
    deps:
    - path: models/model.pkl
      hash: md5
      md5: 791898d89aa5eeeb02cf0f658817e02f
      size: 148050
    - path: src/model_evaluation.py
      hash: md5
      md5: 41ee9120b5d51c4a40f63fc36fe9ff14
      size: 4066
    outs:
    - path: reports/metrics.json
      hash: md5
      md5: 0740606da3fb87fef116e69754f3265d
      size: 144
